// !$*UTF8*$!
{
	archiveVersion = 1;
	classes = {
	};
	objectVersion = 56;
	objects = {

/* Begin PBXBuildFile section */
		5B1B8B6B290EC94F00EB7F8C /* AppDelegate.swift in Sources */ = {isa = PBXBuildFile; fileRef = 5B1B8B6A290EC94F00EB7F8C /* AppDelegate.swift */; };
		5B1B8B6D290EC94F00EB7F8C /* SceneDelegate.swift in Sources */ = {isa = PBXBuildFile; fileRef = 5B1B8B6C290EC94F00EB7F8C /* SceneDelegate.swift */; };
		5B1B8B6F290EC94F00EB7F8C /* ViewController.swift in Sources */ = {isa = PBXBuildFile; fileRef = 5B1B8B6E290EC94F00EB7F8C /* ViewController.swift */; };
		5B1B8B72290EC94F00EB7F8C /* Main.storyboard in Resources */ = {isa = PBXBuildFile; fileRef = 5B1B8B70290EC94F00EB7F8C /* Main.storyboard */; };
		5B1B8B74290EC95100EB7F8C /* Assets.xcassets in Resources */ = {isa = PBXBuildFile; fileRef = 5B1B8B73290EC95100EB7F8C /* Assets.xcassets */; };
		5B1B8B77290EC95100EB7F8C /* LaunchScreen.storyboard in Resources */ = {isa = PBXBuildFile; fileRef = 5B1B8B75290EC95100EB7F8C /* LaunchScreen.storyboard */; };
		5B1B8B82290EC95100EB7F8C /* Destination_Wedding_TulumTests.swift in Sources */ = {isa = PBXBuildFile; fileRef = 5B1B8B81290EC95100EB7F8C /* Destination_Wedding_TulumTests.swift */; };
		5B1B8B8C290EC95100EB7F8C /* Destination_Wedding_TulumUITests.swift in Sources */ = {isa = PBXBuildFile; fileRef = 5B1B8B8B290EC95100EB7F8C /* Destination_Wedding_TulumUITests.swift */; };
		5B1B8B8E290EC95100EB7F8C /* Destination_Wedding_TulumUITestsLaunchTests.swift in Sources */ = {isa = PBXBuildFile; fileRef = 5B1B8B8D290EC95100EB7F8C /* Destination_Wedding_TulumUITestsLaunchTests.swift */; };
		5B1B8B9C290EC9DF00EB7F8C /* MapboxCommon.xcframework in Frameworks */ = {isa = PBXBuildFile; fileRef = 5B1B8B9A290EC9DF00EB7F8C /* MapboxCommon.xcframework */; };
		5B1B8B9D290EC9DF00EB7F8C /* MapboxCommon.xcframework in Frameworks */ = {isa = PBXBuildFile; fileRef = 5B1B8B9A290EC9DF00EB7F8C /* MapboxCommon.xcframework */; };
		5B1B8BA0290EC9EE00EB7F8C /* MapboxCoreMaps.xcframework in Frameworks */ = {isa = PBXBuildFile; fileRef = 5B1B8B9E290EC9EE00EB7F8C /* MapboxCoreMaps.xcframework */; };
		5B1B8BA1290EC9EE00EB7F8C /* MapboxCoreMaps.xcframework in Frameworks */ = {isa = PBXBuildFile; fileRef = 5B1B8B9E290EC9EE00EB7F8C /* MapboxCoreMaps.xcframework */; };
		5B1B8BA4290EC9F300EB7F8C /* MapboxMaps.xcframework in Frameworks */ = {isa = PBXBuildFile; fileRef = 5B1B8BA2290EC9F300EB7F8C /* MapboxMaps.xcframework */; };
		5B1B8BA5290EC9F300EB7F8C /* MapboxMaps.xcframework in Frameworks */ = {isa = PBXBuildFile; fileRef = 5B1B8BA2290EC9F300EB7F8C /* MapboxMaps.xcframework */; };
		5B1B8BA8290EC9FB00EB7F8C /* MapboxMobileEvents.xcframework in Frameworks */ = {isa = PBXBuildFile; fileRef = 5B1B8BA6290EC9FB00EB7F8C /* MapboxMobileEvents.xcframework */; };
		5B1B8BA9290EC9FB00EB7F8C /* MapboxMobileEvents.xcframework in Frameworks */ = {isa = PBXBuildFile; fileRef = 5B1B8BA6290EC9FB00EB7F8C /* MapboxMobileEvents.xcframework */; };
		5B1B8BAC290ECA0100EB7F8C /* Turf.xcframework in Frameworks */ = {isa = PBXBuildFile; fileRef = 5B1B8BAA290ECA0100EB7F8C /* Turf.xcframework */; };
		5B1B8BAD290ECA0100EB7F8C /* Turf.xcframework in Frameworks */ = {isa = PBXBuildFile; fileRef = 5B1B8BAA290ECA0100EB7F8C /* Turf.xcframework */; };
		5B1B8BAE290ECA1800EB7F8C /* MapboxCommon.xcframework in Frameworks */ = {isa = PBXBuildFile; fileRef = 5B1B8B9A290EC9DF00EB7F8C /* MapboxCommon.xcframework */; };
		5B1B8BAF290ECA1800EB7F8C /* MapboxCommon.xcframework in Embed Frameworks */ = {isa = PBXBuildFile; fileRef = 5B1B8B9A290EC9DF00EB7F8C /* MapboxCommon.xcframework */; settings = {ATTRIBUTES = (CodeSignOnCopy, RemoveHeadersOnCopy, ); }; };
		5B1B8BB1290ECA1A00EB7F8C /* MapboxCoreMaps.xcframework in Frameworks */ = {isa = PBXBuildFile; fileRef = 5B1B8B9E290EC9EE00EB7F8C /* MapboxCoreMaps.xcframework */; };
		5B1B8BB2290ECA1A00EB7F8C /* MapboxCoreMaps.xcframework in Embed Frameworks */ = {isa = PBXBuildFile; fileRef = 5B1B8B9E290EC9EE00EB7F8C /* MapboxCoreMaps.xcframework */; settings = {ATTRIBUTES = (CodeSignOnCopy, RemoveHeadersOnCopy, ); }; };
		5B1B8BB3290ECA1C00EB7F8C /* MapboxMaps.xcframework in Frameworks */ = {isa = PBXBuildFile; fileRef = 5B1B8BA2290EC9F300EB7F8C /* MapboxMaps.xcframework */; };
		5B1B8BB4290ECA1C00EB7F8C /* MapboxMaps.xcframework in Embed Frameworks */ = {isa = PBXBuildFile; fileRef = 5B1B8BA2290EC9F300EB7F8C /* MapboxMaps.xcframework */; settings = {ATTRIBUTES = (CodeSignOnCopy, RemoveHeadersOnCopy, ); }; };
		5B1B8BB5290ECA1D00EB7F8C /* MapboxMobileEvents.xcframework in Frameworks */ = {isa = PBXBuildFile; fileRef = 5B1B8BA6290EC9FB00EB7F8C /* MapboxMobileEvents.xcframework */; };
		5B1B8BB6290ECA1D00EB7F8C /* MapboxMobileEvents.xcframework in Embed Frameworks */ = {isa = PBXBuildFile; fileRef = 5B1B8BA6290EC9FB00EB7F8C /* MapboxMobileEvents.xcframework */; settings = {ATTRIBUTES = (CodeSignOnCopy, RemoveHeadersOnCopy, ); }; };
		5B1B8BB7290ECA1E00EB7F8C /* Turf.xcframework in Frameworks */ = {isa = PBXBuildFile; fileRef = 5B1B8BAA290ECA0100EB7F8C /* Turf.xcframework */; };
		5B1B8BB8290ECA1E00EB7F8C /* Turf.xcframework in Embed Frameworks */ = {isa = PBXBuildFile; fileRef = 5B1B8BAA290ECA0100EB7F8C /* Turf.xcframework */; settings = {ATTRIBUTES = (CodeSignOnCopy, RemoveHeadersOnCopy, ); }; };
/* End PBXBuildFile section */

/* Begin PBXContainerItemProxy section */
		5B1B8B7E290EC95100EB7F8C /* PBXContainerItemProxy */ = {
			isa = PBXContainerItemProxy;
			containerPortal = 5B1B8B5F290EC94F00EB7F8C /* Project object */;
			proxyType = 1;
			remoteGlobalIDString = 5B1B8B66290EC94F00EB7F8C;
			remoteInfo = "Destination Wedding Tulum";
		};
		5B1B8B88290EC95100EB7F8C /* PBXContainerItemProxy */ = {
			isa = PBXContainerItemProxy;
			containerPortal = 5B1B8B5F290EC94F00EB7F8C /* Project object */;
			proxyType = 1;
			remoteGlobalIDString = 5B1B8B66290EC94F00EB7F8C;
			remoteInfo = "Destination Wedding Tulum";
		};
/* End PBXContainerItemProxy section */

/* Begin PBXCopyFilesBuildPhase section */
		5B1B8BB0290ECA1800EB7F8C /* Embed Frameworks */ = {
			isa = PBXCopyFilesBuildPhase;
			buildActionMask = 2147483647;
			dstPath = "";
			dstSubfolderSpec = 10;
			files = (
				5B1B8BB2290ECA1A00EB7F8C /* MapboxCoreMaps.xcframework in Embed Frameworks */,
				5B1B8BB6290ECA1D00EB7F8C /* MapboxMobileEvents.xcframework in Embed Frameworks */,
				5B1B8BAF290ECA1800EB7F8C /* MapboxCommon.xcframework in Embed Frameworks */,
				5B1B8BB8290ECA1E00EB7F8C /* Turf.xcframework in Embed Frameworks */,
				5B1B8BB4290ECA1C00EB7F8C /* MapboxMaps.xcframework in Embed Frameworks */,
			);
			name = "Embed Frameworks";
			runOnlyForDeploymentPostprocessing = 0;
		};
/* End PBXCopyFilesBuildPhase section */

/* Begin PBXFileReference section */
		5B1B8B67290EC94F00EB7F8C /* Destination Wedding Tulum.app */ = {isa = PBXFileReference; explicitFileType = wrapper.application; includeInIndex = 0; path = "Destination Wedding Tulum.app"; sourceTree = BUILT_PRODUCTS_DIR; };
		5B1B8B6A290EC94F00EB7F8C /* AppDelegate.swift */ = {isa = PBXFileReference; lastKnownFileType = sourcecode.swift; path = AppDelegate.swift; sourceTree = "<group>"; };
		5B1B8B6C290EC94F00EB7F8C /* SceneDelegate.swift */ = {isa = PBXFileReference; lastKnownFileType = sourcecode.swift; path = SceneDelegate.swift; sourceTree = "<group>"; };
		5B1B8B6E290EC94F00EB7F8C /* ViewController.swift */ = {isa = PBXFileReference; lastKnownFileType = sourcecode.swift; path = ViewController.swift; sourceTree = "<group>"; };
		5B1B8B71290EC94F00EB7F8C /* Base */ = {isa = PBXFileReference; lastKnownFileType = file.storyboard; name = Base; path = Base.lproj/Main.storyboard; sourceTree = "<group>"; };
		5B1B8B73290EC95100EB7F8C /* Assets.xcassets */ = {isa = PBXFileReference; lastKnownFileType = folder.assetcatalog; path = Assets.xcassets; sourceTree = "<group>"; };
		5B1B8B76290EC95100EB7F8C /* Base */ = {isa = PBXFileReference; lastKnownFileType = file.storyboard; name = Base; path = Base.lproj/LaunchScreen.storyboard; sourceTree = "<group>"; };
		5B1B8B78290EC95100EB7F8C /* Info.plist */ = {isa = PBXFileReference; lastKnownFileType = text.plist.xml; path = Info.plist; sourceTree = "<group>"; };
		5B1B8B7D290EC95100EB7F8C /* Destination Wedding TulumTests.xctest */ = {isa = PBXFileReference; explicitFileType = wrapper.cfbundle; includeInIndex = 0; path = "Destination Wedding TulumTests.xctest"; sourceTree = BUILT_PRODUCTS_DIR; };
		5B1B8B81290EC95100EB7F8C /* Destination_Wedding_TulumTests.swift */ = {isa = PBXFileReference; lastKnownFileType = sourcecode.swift; path = Destination_Wedding_TulumTests.swift; sourceTree = "<group>"; };
		5B1B8B87290EC95100EB7F8C /* Destination Wedding TulumUITests.xctest */ = {isa = PBXFileReference; explicitFileType = wrapper.cfbundle; includeInIndex = 0; path = "Destination Wedding TulumUITests.xctest"; sourceTree = BUILT_PRODUCTS_DIR; };
		5B1B8B8B290EC95100EB7F8C /* Destination_Wedding_TulumUITests.swift */ = {isa = PBXFileReference; lastKnownFileType = sourcecode.swift; path = Destination_Wedding_TulumUITests.swift; sourceTree = "<group>"; };
		5B1B8B8D290EC95100EB7F8C /* Destination_Wedding_TulumUITestsLaunchTests.swift */ = {isa = PBXFileReference; lastKnownFileType = sourcecode.swift; path = Destination_Wedding_TulumUITestsLaunchTests.swift; sourceTree = "<group>"; };
		5B1B8B9A290EC9DF00EB7F8C /* MapboxCommon.xcframework */ = {isa = PBXFileReference; lastKnownFileType = wrapper.xcframework; path = MapboxCommon.xcframework; sourceTree = "<group>"; };
		5B1B8B9E290EC9EE00EB7F8C /* MapboxCoreMaps.xcframework */ = {isa = PBXFileReference; lastKnownFileType = wrapper.xcframework; path = MapboxCoreMaps.xcframework; sourceTree = "<group>"; };
		5B1B8BA2290EC9F300EB7F8C /* MapboxMaps.xcframework */ = {isa = PBXFileReference; lastKnownFileType = wrapper.xcframework; path = MapboxMaps.xcframework; sourceTree = "<group>"; };
		5B1B8BA6290EC9FB00EB7F8C /* MapboxMobileEvents.xcframework */ = {isa = PBXFileReference; lastKnownFileType = wrapper.xcframework; path = MapboxMobileEvents.xcframework; sourceTree = "<group>"; };
		5B1B8BAA290ECA0100EB7F8C /* Turf.xcframework */ = {isa = PBXFileReference; lastKnownFileType = wrapper.xcframework; path = Turf.xcframework; sourceTree = "<group>"; };
/* End PBXFileReference section */

/* Begin PBXFrameworksBuildPhase section */
		5B1B8B64290EC94F00EB7F8C /* Frameworks */ = {
			isa = PBXFrameworksBuildPhase;
			buildActionMask = 2147483647;
			files = (
				5B1B8BB1290ECA1A00EB7F8C /* MapboxCoreMaps.xcframework in Frameworks */,
				5B1B8BAE290ECA1800EB7F8C /* MapboxCommon.xcframework in Frameworks */,
				5B1B8BB3290ECA1C00EB7F8C /* MapboxMaps.xcframework in Frameworks */,
				5B1B8BB7290ECA1E00EB7F8C /* Turf.xcframework in Frameworks */,
				5B1B8BB5290ECA1D00EB7F8C /* MapboxMobileEvents.xcframework in Frameworks */,
			);
			runOnlyForDeploymentPostprocessing = 0;
		};
		5B1B8B7A290EC95100EB7F8C /* Frameworks */ = {
			isa = PBXFrameworksBuildPhase;
			buildActionMask = 2147483647;
			files = (
				5B1B8BA0290EC9EE00EB7F8C /* MapboxCoreMaps.xcframework in Frameworks */,
				5B1B8BA8290EC9FB00EB7F8C /* MapboxMobileEvents.xcframework in Frameworks */,
				5B1B8B9C290EC9DF00EB7F8C /* MapboxCommon.xcframework in Frameworks */,
				5B1B8BAC290ECA0100EB7F8C /* Turf.xcframework in Frameworks */,
				5B1B8BA4290EC9F300EB7F8C /* MapboxMaps.xcframework in Frameworks */,
			);
			runOnlyForDeploymentPostprocessing = 0;
		};
		5B1B8B84290EC95100EB7F8C /* Frameworks */ = {
			isa = PBXFrameworksBuildPhase;
			buildActionMask = 2147483647;
			files = (
				5B1B8BA1290EC9EE00EB7F8C /* MapboxCoreMaps.xcframework in Frameworks */,
				5B1B8BA9290EC9FB00EB7F8C /* MapboxMobileEvents.xcframework in Frameworks */,
				5B1B8B9D290EC9DF00EB7F8C /* MapboxCommon.xcframework in Frameworks */,
				5B1B8BAD290ECA0100EB7F8C /* Turf.xcframework in Frameworks */,
				5B1B8BA5290EC9F300EB7F8C /* MapboxMaps.xcframework in Frameworks */,
			);
			runOnlyForDeploymentPostprocessing = 0;
		};
/* End PBXFrameworksBuildPhase section */

/* Begin PBXGroup section */
		5B1B8B5E290EC94F00EB7F8C = {
			isa = PBXGroup;
			children = (
				5B1B8B69290EC94F00EB7F8C /* Destination Wedding Tulum */,
				5B1B8B80290EC95100EB7F8C /* Destination Wedding TulumTests */,
				5B1B8B8A290EC95100EB7F8C /* Destination Wedding TulumUITests */,
				5B1B8B68290EC94F00EB7F8C /* Products */,
			);
			sourceTree = "<group>";
		};
		5B1B8B68290EC94F00EB7F8C /* Products */ = {
			isa = PBXGroup;
			children = (
				5B1B8B67290EC94F00EB7F8C /* Destination Wedding Tulum.app */,
				5B1B8B7D290EC95100EB7F8C /* Destination Wedding TulumTests.xctest */,
				5B1B8B87290EC95100EB7F8C /* Destination Wedding TulumUITests.xctest */,
			);
			name = Products;
			sourceTree = "<group>";
		};
		5B1B8B69290EC94F00EB7F8C /* Destination Wedding Tulum */ = {
			isa = PBXGroup;
			children = (
				5B1B8B6A290EC94F00EB7F8C /* AppDelegate.swift */,
				5B1B8B6C290EC94F00EB7F8C /* SceneDelegate.swift */,
				5B1B8B6E290EC94F00EB7F8C /* ViewController.swift */,
				5B1B8B70290EC94F00EB7F8C /* Main.storyboard */,
				5B1B8B73290EC95100EB7F8C /* Assets.xcassets */,
				5B1B8B75290EC95100EB7F8C /* LaunchScreen.storyboard */,
				5B1B8B78290EC95100EB7F8C /* Info.plist */,
			);
			path = "Destination Wedding Tulum";
			sourceTree = "<group>";
		};
		5B1B8B80290EC95100EB7F8C /* Destination Wedding TulumTests */ = {
			isa = PBXGroup;
			children = (
				5B1B8B81290EC95100EB7F8C /* Destination_Wedding_TulumTests.swift */,
			);
			path = "Destination Wedding TulumTests";
			sourceTree = "<group>";
		};
		5B1B8B8A290EC95100EB7F8C /* Destination Wedding TulumUITests */ = {
			isa = PBXGroup;
			children = (
				5B1B8B8B290EC95100EB7F8C /* Destination_Wedding_TulumUITests.swift */,
				5B1B8B8D290EC95100EB7F8C /* Destination_Wedding_TulumUITestsLaunchTests.swift */,
				5B1B8B9A290EC9DF00EB7F8C /* MapboxCommon.xcframework */,
				5B1B8B9E290EC9EE00EB7F8C /* MapboxCoreMaps.xcframework */,
				5B1B8BA2290EC9F300EB7F8C /* MapboxMaps.xcframework */,
				5B1B8BA6290EC9FB00EB7F8C /* MapboxMobileEvents.xcframework */,
				5B1B8BAA290ECA0100EB7F8C /* Turf.xcframework */,
			);
			path = "Destination Wedding TulumUITests";
			sourceTree = "<group>";
		};
/* End PBXGroup section */

/* Begin PBXNativeTarget section */
		5B1B8B66290EC94F00EB7F8C /* Destination Wedding Tulum */ = {
			isa = PBXNativeTarget;
			buildConfigurationList = 5B1B8B91290EC95100EB7F8C /* Build configuration list for PBXNativeTarget "Destination Wedding Tulum" */;
			buildPhases = (
				5B1B8B63290EC94F00EB7F8C /* Sources */,
				5B1B8B64290EC94F00EB7F8C /* Frameworks */,
				5B1B8B65290EC94F00EB7F8C /* Resources */,
				5B1B8BB0290ECA1800EB7F8C /* Embed Frameworks */,
			);
			buildRules = (
			);
			dependencies = (
			);
			name = "Destination Wedding Tulum";
			productName = "Destination Wedding Tulum";
			productReference = 5B1B8B67290EC94F00EB7F8C /* Destination Wedding Tulum.app */;
			productType = "com.apple.product-type.application";
		};
		5B1B8B7C290EC95100EB7F8C /* Destination Wedding TulumTests */ = {
			isa = PBXNativeTarget;
			buildConfigurationList = 5B1B8B94290EC95100EB7F8C /* Build configuration list for PBXNativeTarget "Destination Wedding TulumTests" */;
			buildPhases = (
				5B1B8B79290EC95100EB7F8C /* Sources */,
				5B1B8B7A290EC95100EB7F8C /* Frameworks */,
				5B1B8B7B290EC95100EB7F8C /* Resources */,
			);
			buildRules = (
			);
			dependencies = (
				5B1B8B7F290EC95100EB7F8C /* PBXTargetDependency */,
			);
			name = "Destination Wedding TulumTests";
			productName = "Destination Wedding TulumTests";
			productReference = 5B1B8B7D290EC95100EB7F8C /* Destination Wedding TulumTests.xctest */;
			productType = "com.apple.product-type.bundle.unit-test";
		};
		5B1B8B86290EC95100EB7F8C /* Destination Wedding TulumUITests */ = {
			isa = PBXNativeTarget;
			buildConfigurationList = 5B1B8B97290EC95100EB7F8C /* Build configuration list for PBXNativeTarget "Destination Wedding TulumUITests" */;
			buildPhases = (
				5B1B8B83290EC95100EB7F8C /* Sources */,
				5B1B8B84290EC95100EB7F8C /* Frameworks */,
				5B1B8B85290EC95100EB7F8C /* Resources */,
			);
			buildRules = (
			);
			dependencies = (
				5B1B8B89290EC95100EB7F8C /* PBXTargetDependency */,
			);
			name = "Destination Wedding TulumUITests";
			productName = "Destination Wedding TulumUITests";
			productReference = 5B1B8B87290EC95100EB7F8C /* Destination Wedding TulumUITests.xctest */;
			productType = "com.apple.product-type.bundle.ui-testing";
		};
/* End PBXNativeTarget section */

/* Begin PBXProject section */
		5B1B8B5F290EC94F00EB7F8C /* Project object */ = {
			isa = PBXProject;
			attributes = {
				BuildIndependentTargetsInParallel = 1;
				LastSwiftUpdateCheck = 1400;
				LastUpgradeCheck = 1400;
				TargetAttributes = {
					5B1B8B66290EC94F00EB7F8C = {
						CreatedOnToolsVersion = 14.0.1;
					};
					5B1B8B7C290EC95100EB7F8C = {
						CreatedOnToolsVersion = 14.0.1;
						TestTargetID = 5B1B8B66290EC94F00EB7F8C;
					};
					5B1B8B86290EC95100EB7F8C = {
						CreatedOnToolsVersion = 14.0.1;
						TestTargetID = 5B1B8B66290EC94F00EB7F8C;
					};
				};
			};
			buildConfigurationList = 5B1B8B62290EC94F00EB7F8C /* Build configuration list for PBXProject "Destination Wedding Tulum" */;
			compatibilityVersion = "Xcode 14.0";
			developmentRegion = en;
			hasScannedForEncodings = 0;
			knownRegions = (
				en,
				Base,
			);
			mainGroup = 5B1B8B5E290EC94F00EB7F8C;
			productRefGroup = 5B1B8B68290EC94F00EB7F8C /* Products */;
			projectDirPath = "";
			projectRoot = "";
			targets = (
				5B1B8B66290EC94F00EB7F8C /* Destination Wedding Tulum */,
				5B1B8B7C290EC95100EB7F8C /* Destination Wedding TulumTests */,
				5B1B8B86290EC95100EB7F8C /* Destination Wedding TulumUITests */,
			);
		};
/* End PBXProject section */

/* Begin PBXResourcesBuildPhase section */
		5B1B8B65290EC94F00EB7F8C /* Resources */ = {
			isa = PBXResourcesBuildPhase;
			buildActionMask = 2147483647;
			files = (
				5B1B8B77290EC95100EB7F8C /* LaunchScreen.storyboard in Resources */,
				5B1B8B74290EC95100EB7F8C /* Assets.xcassets in Resources */,
				5B1B8B72290EC94F00EB7F8C /* Main.storyboard in Resources */,
			);
			runOnlyForDeploymentPostprocessing = 0;
		};
		5B1B8B7B290EC95100EB7F8C /* Resources */ = {
			isa = PBXResourcesBuildPhase;
			buildActionMask = 2147483647;
			files = (
			);
			runOnlyForDeploymentPostprocessing = 0;
		};
		5B1B8B85290EC95100EB7F8C /* Resources */ = {
			isa = PBXResourcesBuildPhase;
			buildActionMask = 2147483647;
			files = (
			);
			runOnlyForDeploymentPostprocessing = 0;
		};
/* End PBXResourcesBuildPhase section */

/* Begin PBXSourcesBuildPhase section */
		5B1B8B63290EC94F00EB7F8C /* Sources */ = {
			isa = PBXSourcesBuildPhase;
			buildActionMask = 2147483647;
			files = (
				5B1B8B6F290EC94F00EB7F8C /* ViewController.swift in Sources */,
				5B1B8B6B290EC94F00EB7F8C /* AppDelegate.swift in Sources */,
				5B1B8B6D290EC94F00EB7F8C /* SceneDelegate.swift in Sources */,
			);
			runOnlyForDeploymentPostprocessing = 0;
		};
		5B1B8B79290EC95100EB7F8C /* Sources */ = {
			isa = PBXSourcesBuildPhase;
			buildActionMask = 2147483647;
			files = (
				5B1B8B82290EC95100EB7F8C /* Destination_Wedding_TulumTests.swift in Sources */,
			);
			runOnlyForDeploymentPostprocessing = 0;
		};
		5B1B8B83290EC95100EB7F8C /* Sources */ = {
			isa = PBXSourcesBuildPhase;
			buildActionMask = 2147483647;
			files = (
				5B1B8B8E290EC95100EB7F8C /* Destination_Wedding_TulumUITestsLaunchTests.swift in Sources */,
				5B1B8B8C290EC95100EB7F8C /* Destination_Wedding_TulumUITests.swift in Sources */,
			);
			runOnlyForDeploymentPostprocessing = 0;
		};
/* End PBXSourcesBuildPhase section */

/* Begin PBXTargetDependency section */
		5B1B8B7F290EC95100EB7F8C /* PBXTargetDependency */ = {
			isa = PBXTargetDependency;
			target = 5B1B8B66290EC94F00EB7F8C /* Destination Wedding Tulum */;
			targetProxy = 5B1B8B7E290EC95100EB7F8C /* PBXContainerItemProxy */;
		};
		5B1B8B89290EC95100EB7F8C /* PBXTargetDependency */ = {
			isa = PBXTargetDependency;
			target = 5B1B8B66290EC94F00EB7F8C /* Destination Wedding Tulum */;
			targetProxy = 5B1B8B88290EC95100EB7F8C /* PBXContainerItemProxy */;
		};
/* End PBXTargetDependency section */

/* Begin PBXVariantGroup section */
		5B1B8B70290EC94F00EB7F8C /* Main.storyboard */ = {
			isa = PBXVariantGroup;
			children = (
				5B1B8B71290EC94F00EB7F8C /* Base */,
			);
			name = Main.storyboard;
			sourceTree = "<group>";
		};
		5B1B8B75290EC95100EB7F8C /* LaunchScreen.storyboard */ = {
			isa = PBXVariantGroup;
			children = (
				5B1B8B76290EC95100EB7F8C /* Base */,
			);
			name = LaunchScreen.storyboard;
			sourceTree = "<group>";
		};
/* End PBXVariantGroup section */

/* Begin XCBuildConfiguration section */
		5B1B8B8F290EC95100EB7F8C /* Debug */ = {
			isa = XCBuildConfiguration;
			buildSettings = {
				ALWAYS_SEARCH_USER_PATHS = NO;
				CLANG_ANALYZER_NONNULL = YES;
				CLANG_ANALYZER_NUMBER_OBJECT_CONVERSION = YES_AGGRESSIVE;
				CLANG_CXX_LANGUAGE_STANDARD = "gnu++20";
				CLANG_ENABLE_MODULES = YES;
				CLANG_ENABLE_OBJC_ARC = YES;
				CLANG_ENABLE_OBJC_WEAK = YES;
				CLANG_WARN_BLOCK_CAPTURE_AUTORELEASING = YES;
				CLANG_WARN_BOOL_CONVERSION = YES;
				CLANG_WARN_COMMA = YES;
				CLANG_WARN_CONSTANT_CONVERSION = YES;
				CLANG_WARN_DEPRECATED_OBJC_IMPLEMENTATIONS = YES;
				CLANG_WARN_DIRECT_OBJC_ISA_USAGE = YES_ERROR;
				CLANG_WARN_DOCUMENTATION_COMMENTS = YES;
				CLANG_WARN_EMPTY_BODY = YES;
				CLANG_WARN_ENUM_CONVERSION = YES;
				CLANG_WARN_INFINITE_RECURSION = YES;
				CLANG_WARN_INT_CONVERSION = YES;
				CLANG_WARN_NON_LITERAL_NULL_CONVERSION = YES;
				CLANG_WARN_OBJC_IMPLICIT_RETAIN_SELF = YES;
				CLANG_WARN_OBJC_LITERAL_CONVERSION = YES;
				CLANG_WARN_OBJC_ROOT_CLASS = YES_ERROR;
				CLANG_WARN_QUOTED_INCLUDE_IN_FRAMEWORK_HEADER = YES;
				CLANG_WARN_RANGE_LOOP_ANALYSIS = YES;
				CLANG_WARN_STRICT_PROTOTYPES = YES;
				CLANG_WARN_SUSPICIOUS_MOVE = YES;
				CLANG_WARN_UNGUARDED_AVAILABILITY = YES_AGGRESSIVE;
				CLANG_WARN_UNREACHABLE_CODE = YES;
				CLANG_WARN__DUPLICATE_METHOD_MATCH = YES;
				COPY_PHASE_STRIP = NO;
				DEBUG_INFORMATION_FORMAT = dwarf;
				ENABLE_STRICT_OBJC_MSGSEND = YES;
				ENABLE_TESTABILITY = YES;
				GCC_C_LANGUAGE_STANDARD = gnu11;
				GCC_DYNAMIC_NO_PIC = NO;
				GCC_NO_COMMON_BLOCKS = YES;
				GCC_OPTIMIZATION_LEVEL = 0;
				GCC_PREPROCESSOR_DEFINITIONS = (
					"DEBUG=1",
					"$(inherited)",
				);
				GCC_WARN_64_TO_32_BIT_CONVERSION = YES;
				GCC_WARN_ABOUT_RETURN_TYPE = YES_ERROR;
				GCC_WARN_UNDECLARED_SELECTOR = YES;
				GCC_WARN_UNINITIALIZED_AUTOS = YES_AGGRESSIVE;
				GCC_WARN_UNUSED_FUNCTION = YES;
				GCC_WARN_UNUSED_VARIABLE = YES;
				IPHONEOS_DEPLOYMENT_TARGET = 16.0;
				MTL_ENABLE_DEBUG_INFO = INCLUDE_SOURCE;
				MTL_FAST_MATH = YES;
				ONLY_ACTIVE_ARCH = YES;
				SDKROOT = iphoneos;
				SWIFT_ACTIVE_COMPILATION_CONDITIONS = DEBUG;
				SWIFT_OPTIMIZATION_LEVEL = "-Onone";
			};
			name = Debug;
		};
		5B1B8B90290EC95100EB7F8C /* Release */ = {
			isa = XCBuildConfiguration;
			buildSettings = {
				ALWAYS_SEARCH_USER_PATHS = NO;
				CLANG_ANALYZER_NONNULL = YES;
				CLANG_ANALYZER_NUMBER_OBJECT_CONVERSION = YES_AGGRESSIVE;
				CLANG_CXX_LANGUAGE_STANDARD = "gnu++20";
				CLANG_ENABLE_MODULES = YES;
				CLANG_ENABLE_OBJC_ARC = YES;
				CLANG_ENABLE_OBJC_WEAK = YES;
				CLANG_WARN_BLOCK_CAPTURE_AUTORELEASING = YES;
				CLANG_WARN_BOOL_CONVERSION = YES;
				CLANG_WARN_COMMA = YES;
				CLANG_WARN_CONSTANT_CONVERSION = YES;
				CLANG_WARN_DEPRECATED_OBJC_IMPLEMENTATIONS = YES;
				CLANG_WARN_DIRECT_OBJC_ISA_USAGE = YES_ERROR;
				CLANG_WARN_DOCUMENTATION_COMMENTS = YES;
				CLANG_WARN_EMPTY_BODY = YES;
				CLANG_WARN_ENUM_CONVERSION = YES;
				CLANG_WARN_INFINITE_RECURSION = YES;
				CLANG_WARN_INT_CONVERSION = YES;
				CLANG_WARN_NON_LITERAL_NULL_CONVERSION = YES;
				CLANG_WARN_OBJC_IMPLICIT_RETAIN_SELF = YES;
				CLANG_WARN_OBJC_LITERAL_CONVERSION = YES;
				CLANG_WARN_OBJC_ROOT_CLASS = YES_ERROR;
				CLANG_WARN_QUOTED_INCLUDE_IN_FRAMEWORK_HEADER = YES;
				CLANG_WARN_RANGE_LOOP_ANALYSIS = YES;
				CLANG_WARN_STRICT_PROTOTYPES = YES;
				CLANG_WARN_SUSPICIOUS_MOVE = YES;
				CLANG_WARN_UNGUARDED_AVAILABILITY = YES_AGGRESSIVE;
				CLANG_WARN_UNREACHABLE_CODE = YES;
				CLANG_WARN__DUPLICATE_METHOD_MATCH = YES;
				COPY_PHASE_STRIP = NO;
				DEBUG_INFORMATION_FORMAT = "dwarf-with-dsym";
				ENABLE_NS_ASSERTIONS = NO;
				ENABLE_STRICT_OBJC_MSGSEND = YES;
				GCC_C_LANGUAGE_STANDARD = gnu11;
				GCC_NO_COMMON_BLOCKS = YES;
				GCC_WARN_64_TO_32_BIT_CONVERSION = YES;
				GCC_WARN_ABOUT_RETURN_TYPE = YES_ERROR;
				GCC_WARN_UNDECLARED_SELECTOR = YES;
				GCC_WARN_UNINITIALIZED_AUTOS = YES_AGGRESSIVE;
				GCC_WARN_UNUSED_FUNCTION = YES;
				GCC_WARN_UNUSED_VARIABLE = YES;
				IPHONEOS_DEPLOYMENT_TARGET = 16.0;
				MTL_ENABLE_DEBUG_INFO = NO;
				MTL_FAST_MATH = YES;
				SDKROOT = iphoneos;
				SWIFT_COMPILATION_MODE = wholemodule;
				SWIFT_OPTIMIZATION_LEVEL = "-O";
				VALIDATE_PRODUCT = YES;
			};
			name = Release;
		};
		5B1B8B92290EC95100EB7F8C /* Debug */ = {
			isa = XCBuildConfiguration;
			buildSettings = {
				ASSETCATALOG_COMPILER_APPICON_NAME = AppIcon;
				ASSETCATALOG_COMPILER_GLOBAL_ACCENT_COLOR_NAME = AccentColor;
				CODE_SIGN_STYLE = Automatic;
				CURRENT_PROJECT_VERSION = 1;
				GENERATE_INFOPLIST_FILE = YES;
				INFOPLIST_FILE = "Destination Wedding Tulum/Info.plist";
				INFOPLIST_KEY_CFBundleDisplayName = "";
				INFOPLIST_KEY_LSApplicationCategoryType = "";
				INFOPLIST_KEY_UIApplicationSupportsIndirectInputEvents = YES;
				INFOPLIST_KEY_UILaunchStoryboardName = LaunchScreen;
				INFOPLIST_KEY_UIMainStoryboardFile = Main;
				INFOPLIST_KEY_UISupportedInterfaceOrientations_iPad = "UIInterfaceOrientationPortrait UIInterfaceOrientationPortraitUpsideDown UIInterfaceOrientationLandscapeLeft UIInterfaceOrientationLandscapeRight";
				INFOPLIST_KEY_UISupportedInterfaceOrientations_iPhone = "UIInterfaceOrientationPortrait UIInterfaceOrientationLandscapeLeft UIInterfaceOrientationLandscapeRight";
				LD_RUNPATH_SEARCH_PATHS = (
					"$(inherited)",
					"@executable_path/Frameworks",
				);
				MARKETING_VERSION = 1.0;
				PRODUCT_BUNDLE_IDENTIFIER = "Mapbox.Destination-Wedding-Tulum";
				PRODUCT_NAME = "$(TARGET_NAME)";
				SWIFT_EMIT_LOC_STRINGS = YES;
				SWIFT_VERSION = 5.0;
				TARGETED_DEVICE_FAMILY = "1,2";
			};
			name = Debug;
		};
		5B1B8B93290EC95100EB7F8C /* Release */ = {
			isa = XCBuildConfiguration;
			buildSettings = {
				ASSETCATALOG_COMPILER_APPICON_NAME = AppIcon;
				ASSETCATALOG_COMPILER_GLOBAL_ACCENT_COLOR_NAME = AccentColor;
				CODE_SIGN_STYLE = Automatic;
				CURRENT_PROJECT_VERSION = 1;
				GENERATE_INFOPLIST_FILE = YES;
				INFOPLIST_FILE = "Destination Wedding Tulum/Info.plist";
				INFOPLIST_KEY_CFBundleDisplayName = "";
				INFOPLIST_KEY_LSApplicationCategoryType = "";
				INFOPLIST_KEY_UIApplicationSupportsIndirectInputEvents = YES;
				INFOPLIST_KEY_UILaunchStoryboardName = LaunchScreen;
				INFOPLIST_KEY_UIMainStoryboardFile = Main;
				INFOPLIST_KEY_UISupportedInterfaceOrientations_iPad = "UIInterfaceOrientationPortrait UIInterfaceOrientationPortraitUpsideDown UIInterfaceOrientationLandscapeLeft UIInterfaceOrientationLandscapeRight";
				INFOPLIST_KEY_UISupportedInterfaceOrientations_iPhone = "UIInterfaceOrientationPortrait UIInterfaceOrientationLandscapeLeft UIInterfaceOrientationLandscapeRight";
				LD_RUNPATH_SEARCH_PATHS = (
					"$(inherited)",
					"@executable_path/Frameworks",
				);
				MARKETING_VERSION = 1.0;
				PRODUCT_BUNDLE_IDENTIFIER = "Mapbox.Destination-Wedding-Tulum";
				PRODUCT_NAME = "$(TARGET_NAME)";
				SWIFT_EMIT_LOC_STRINGS = YES;
				SWIFT_VERSION = 5.0;
				TARGETED_DEVICE_FAMILY = "1,2";
			};
			name = Release;
		};
		5B1B8B95290EC95100EB7F8C /* Debug */ = {
			isa = XCBuildConfiguration;
			buildSettings = {
				ALWAYS_EMBED_SWIFT_STANDARD_LIBRARIES = YES;
				BUNDLE_LOADER = "$(TEST_HOST)";
				CODE_SIGN_STYLE = Automatic;
				CURRENT_PROJECT_VERSION = 1;
				GENERATE_INFOPLIST_FILE = YES;
				IPHONEOS_DEPLOYMENT_TARGET = 16.0;
				MARKETING_VERSION = 1.0;
				PRODUCT_BUNDLE_IDENTIFIER = "Mapbox.Destination-Wedding-TulumTests";
				PRODUCT_NAME = "$(TARGET_NAME)";
				SWIFT_EMIT_LOC_STRINGS = NO;
				SWIFT_VERSION = 5.0;
				TARGETED_DEVICE_FAMILY = "1,2";
				TEST_HOST = "$(BUILT_PRODUCTS_DIR)/Destination Wedding Tulum.app/$(BUNDLE_EXECUTABLE_FOLDER_PATH)/Destination Wedding Tulum";
			};
			name = Debug;
		};
		5B1B8B96290EC95100EB7F8C /* Release */ = {
			isa = XCBuildConfiguration;
			buildSettings = {
				ALWAYS_EMBED_SWIFT_STANDARD_LIBRARIES = YES;
				BUNDLE_LOADER = "$(TEST_HOST)";
				CODE_SIGN_STYLE = Automatic;
				CURRENT_PROJECT_VERSION = 1;
				GENERATE_INFOPLIST_FILE = YES;
				IPHONEOS_DEPLOYMENT_TARGET = 16.0;
				MARKETING_VERSION = 1.0;
				PRODUCT_BUNDLE_IDENTIFIER = "Mapbox.Destination-Wedding-TulumTests";
				PRODUCT_NAME = "$(TARGET_NAME)";
				SWIFT_EMIT_LOC_STRINGS = NO;
				SWIFT_VERSION = 5.0;
				TARGETED_DEVICE_FAMILY = "1,2";
				TEST_HOST = "$(BUILT_PRODUCTS_DIR)/Destination Wedding Tulum.app/$(BUNDLE_EXECUTABLE_FOLDER_PATH)/Destination Wedding Tulum";
			};
			name = Release;
		};
		5B1B8B98290EC95100EB7F8C /* Debug */ = {
			isa = XCBuildConfiguration;
			buildSettings = {
				ALWAYS_EMBED_SWIFT_STANDARD_LIBRARIES = YES;
				CODE_SIGN_STYLE = Automatic;
				CURRENT_PROJECT_VERSION = 1;
				GENERATE_INFOPLIST_FILE = YES;
				MARKETING_VERSION = 1.0;
				PRODUCT_BUNDLE_IDENTIFIER = "Mapbox.Destination-Wedding-TulumUITests";
				PRODUCT_NAME = "$(TARGET_NAME)";
				SWIFT_EMIT_LOC_STRINGS = NO;
				SWIFT_VERSION = 5.0;
				TARGETED_DEVICE_FAMILY = "1,2";
				TEST_TARGET_NAME = "Destination Wedding Tulum";
			};
			name = Debug;
		};
		5B1B8B99290EC95100EB7F8C /* Release */ = {
			isa = XCBuildConfiguration;
			buildSettings = {
				ALWAYS_EMBED_SWIFT_STANDARD_LIBRARIES = YES;
				CODE_SIGN_STYLE = Automatic;
				CURRENT_PROJECT_VERSION = 1;
				GENERATE_INFOPLIST_FILE = YES;
				MARKETING_VERSION = 1.0;
				PRODUCT_BUNDLE_IDENTIFIER = "Mapbox.Destination-Wedding-TulumUITests";
				PRODUCT_NAME = "$(TARGET_NAME)";
				SWIFT_EMIT_LOC_STRINGS = NO;
				SWIFT_VERSION = 5.0;
				TARGETED_DEVICE_FAMILY = "1,2";
				TEST_TARGET_NAME = "Destination Wedding Tulum";
			};
			name = Release;
		};
/* End XCBuildConfiguration section */

/* Begin XCConfigurationList section */
		5B1B8B62290EC94F00EB7F8C /* Build configuration list for PBXProject "Destination Wedding Tulum" */ = {
			isa = XCConfigurationList;
			buildConfigurations = (
				5B1B8B8F290EC95100EB7F8C /* Debug */,
				5B1B8B90290EC95100EB7F8C /* Release */,
			);
			defaultConfigurationIsVisible = 0;
			defaultConfigurationName = Release;
		};
		5B1B8B91290EC95100EB7F8C /* Build configuration list for PBXNativeTarget "Destination Wedding Tulum" */ = {
			isa = XCConfigurationList;
			buildConfigurations = (
				5B1B8B92290EC95100EB7F8C /* Debug */,
				5B1B8B93290EC95100EB7F8C /* Release */,
			);
			defaultConfigurationIsVisible = 0;
			defaultConfigurationName = Release;
		};
		5B1B8B94290EC95100EB7F8C /* Build configuration list for PBXNativeTarget "Destination Wedding TulumTests" */ = {
			isa = XCConfigurationList;
			buildConfigurations = (
				5B1B8B95290EC95100EB7F8C /* Debug */,
				5B1B8B96290EC95100EB7F8C /* Release */,
			);
			defaultConfigurationIsVisible = 0;
			defaultConfigurationName = Release;
		};
		5B1B8B97290EC95100EB7F8C /* Build configuration list for PBXNativeTarget "Destination Wedding TulumUITests" */ = {
			isa = XCConfigurationList;
			buildConfigurations = (
				5B1B8B98290EC95100EB7F8C /* Debug */,
				5B1B8B99290EC95100EB7F8C /* Release */,
			);
			defaultConfigurationIsVisible = 0;
			defaultConfigurationName = Release;
		};
/* End XCConfigurationList section */
	};
	rootObject = 5B1B8B5F290EC94F00EB7F8C /* Project object */;
}
